
Microsoft Visual Studio Solution File, Format Version 12.00
# Visual Studio 15
VisualStudioVersion = 15.0.26730.15
MinimumVisualStudioVersion = 10.0.40219.1
Project("{FAE04EC0-301F-11D3-BF4B-00C04F79EFBC}") = "CMS_handIn1", "CMS_handIn1\CMS_handIn1.csproj", "{18FA6ED3-176A-44BA-973C-FE2696A352F6}"
EndProject
Global
	GlobalSection(SolutionConfigurationPlatforms) = preSolution
		Debug|Any CPU = Debug|Any CPU
		Release|Any CPU = Release|Any CPU
	EndGlobalSection
	GlobalSection(ProjectConfigurationPlatforms) = postSolution
		{18FA6ED3-176A-44BA-973C-FE2696A352F6}.Debug|Any CPU.ActiveCfg = Debug|Any CPU
		{18FA6ED3-176A-44BA-973C-FE2696A352F6}.Debug|Any CPU.Build.0 = Debug|Any CPU
		{18FA6ED3-176A-44BA-973C-FE2696A352F6}.Release|Any CPU.ActiveCfg = Release|Any CPU
		{18FA6ED3-176A-44BA-973C-FE2696A352F6}.Release|Any CPU.Build.0 = Release|Any CPU
	EndGlobalSection
	GlobalSection(SolutionProperties) = preSolution
		HideSolutionNode = FALSE
	EndGlobalSection
	GlobalSection(ExtensibilityGlobals) = postSolution
		SolutionGuid = {BDC25ADF-1D31-4CB6-AAED-1E9F1385E905}
	EndGlobalSection
EndGlobal
